{
  "name": "telefonnummer",
  "version": "1.1.1",
  "lockfileVersion": 1,
  "requires": true,
  "dependencies": {
    "@commitlint/cli": {
      "version": "6.1.3",
      "resolved": "https://registry.npmjs.org/@commitlint/cli/-/cli-6.1.3.tgz",
      "integrity": "sha1-RgbhOLBbQwNNyErxXaGOITkFhTc=",
      "dev": true,
      "dependencies": {
        "camelcase": {
          "version": "2.1.1",
          "resolved": "https://registry.npmjs.org/camelcase/-/camelcase-2.1.1.tgz",
          "integrity": "sha1-fB0W1nmhu+WcoCys7PsBHiAfWh8=",
          "dev": true
        },
        "camelcase-keys": {
          "version": "2.1.0",
          "resolved": "https://registry.npmjs.org/camelcase-keys/-/camelcase-keys-2.1.0.tgz",
          "integrity": "sha1-MIvur/3ygRkFHvodkyITyRuPkuc=",
          "dev": true
        },
        "chalk": {
          "version": "2.3.1",
          "resolved": "https://registry.npmjs.org/chalk/-/chalk-2.3.1.tgz",
          "integrity": "sha512-QUU4ofkDoMIVO7hcx1iPTISs88wsO8jA92RQIm4JAwZvFGGAV2hSAA1NX7oVj2Ej2Q6NDTcRDjPTFrMCRZoJ6g==",
          "dev": true
        },
        "map-obj": {
          "version": "1.0.1",
          "resolved": "https://registry.npmjs.org/map-obj/-/map-obj-1.0.1.tgz",
          "integrity": "sha1-2TPOuSBdgr3PSIb2dCvcK03qFG0=",
          "dev": true
        },
        "meow": {
          "version": "3.7.0",
          "resolved": "https://registry.npmjs.org/meow/-/meow-3.7.0.tgz",
          "integrity": "sha1-cstmi0JSKCkKu/qFaJJYcwioAfs=",
          "dev": true
        },
        "minimist": {
          "version": "1.2.0",
          "resolved": "https://registry.npmjs.org/minimist/-/minimist-1.2.0.tgz",
          "integrity": "sha1-o1AIsg9BOD7sH7kU9M1d95omQoQ=",
          "dev": true
        },
        "redent": {
          "version": "1.0.0",
          "resolved": "https://registry.npmjs.org/redent/-/redent-1.0.0.tgz",
          "integrity": "sha1-z5Fqsf1fHxbfsggi3W7H9zDCr94=",
          "dev": true
        },
        "strip-indent": {
          "version": "1.0.1",
          "resolved": "https://registry.npmjs.org/strip-indent/-/strip-indent-1.0.1.tgz",
          "integrity": "sha1-DHlipq3vp7vUrDZkYKY4VSrhoKI=",
          "dev": true,
          "dependencies": {
            "get-stdin": {
              "version": "4.0.1",
              "resolved": "https://registry.npmjs.org/get-stdin/-/get-stdin-4.0.1.tgz",
              "integrity": "sha1-uWjGsKBDhDJJAui/Gl3zJXmkUP4=",
              "dev": true
            }
          }
        },
        "trim-newlines": {
          "version": "1.0.0",
          "resolved": "https://registry.npmjs.org/trim-newlines/-/trim-newlines-1.0.0.tgz",
          "integrity": "sha1-WIeWa7WCpFA6QetST301ARgVphM=",
          "dev": true
        }
      }
    },
    "@commitlint/config-conventional": {
      "version": "6.1.3",
      "resolved": "https://registry.npmjs.org/@commitlint/config-conventional/-/config-conventional-6.1.3.tgz",
      "integrity": "sha1-bAburgTFrHicNhjfTVKu2on/uBA=",
      "dev": true
    },
    "@types/jest": {
      "version": "22.2.3",
      "resolved": "https://registry.npmjs.org/@types/jest/-/jest-22.2.3.tgz",
      "integrity": "sha512-e74sM9W/4qqWB6D4TWV9FQk0WoHtX1X4FJpbjxucMSVJHtFjbQOH3H6yp+xno4br0AKG0wz/kPtaN599GUOvAg==",
      "dev": true
    },
    "all-contributors-cli": {
      "version": "4.11.1",
      "resolved": "https://registry.npmjs.org/all-contributors-cli/-/all-contributors-cli-4.11.1.tgz",
      "integrity": "sha512-1IXtQzxyfbuMAgscSDarKfxHYBG5ax83drjGuVkVhbuVXnRrixSykaJqLoI/ArbTEMW/DJdiAe+LIBWLAhA3dw==",
      "dev": true
    },
    "app-root-path": {
      "version": "2.0.1",
      "resolved": "https://registry.npmjs.org/app-root-path/-/app-root-path-2.0.1.tgz",
      "integrity": "sha1-zWLc+OT9WkF+/GZNLlsQZTxlG0Y=",
      "dev": true
    },
    "babel-eslint": {
      "version": "8.2.3",
      "resolved": "https://registry.npmjs.org/babel-eslint/-/babel-eslint-8.2.3.tgz",
      "integrity": "sha512-0HeSTtaXg/Em7FCUWxwOT+KeFSO1O7LuRuzhk7g+1BjwdlQGlHq4OyMi3GqGxrNfEq8jEi6Hmt5ylEQUhurgiQ==",
      "dev": true
    },
    "babel-jest": {
      "version": "22.4.3",
      "resolved": "https://registry.npmjs.org/babel-jest/-/babel-jest-22.4.3.tgz",
      "integrity": "sha512-BgSjmtl3mW3i+VeVHEr9d2zFSAT66G++pJcHQiUjd00pkW+voYXFctIm/indcqOWWXw5a1nUpR1XWszD9fJ1qg==",
      "dev": true
    },
    "babel-preset-env": {
      "version": "1.6.1",
      "resolved": "https://registry.npmjs.org/babel-preset-env/-/babel-preset-env-1.6.1.tgz",
      "integrity": "sha512-W6VIyA6Ch9ePMI7VptNn2wBM6dbG0eSz25HEiL40nQXCsXGTGZSTZu1Iap+cj3Q0S5a7T9+529l/5Bkvd+afNA==",
      "dev": true
    },
    "chalk": {
      "version": "2.3.2",
      "resolved": "https://registry.npmjs.org/chalk/-/chalk-2.3.2.tgz",
      "integrity": "sha512-ZM4j2/ld/YZDc3Ma8PgN7gyAk+kHMMMyzLNryCPGhWrsfAuDVeuid5bpRFTDgMH9JBK2lA4dyyAkkZYF/WcqDQ==",
      "dev": true
    },
    "commander": {
      "version": "2.15.1",
      "resolved": "https://registry.npmjs.org/commander/-/commander-2.15.1.tgz",
      "integrity": "sha512-VlfT9F3V0v+jr4yxPc5gg9s62/fIVWsd2Bk2iD435um1NlGMYdVCq+MjcXnhYq2icNOizHr1kK+5TI6H0Hy0ag==",
      "dev": true
    },
    "cosmiconfig": {
      "version": "4.0.0",
      "resolved": "https://registry.npmjs.org/cosmiconfig/-/cosmiconfig-4.0.0.tgz",
      "integrity": "sha512-6e5vDdrXZD+t5v0L8CrurPeybg4Fmf+FCSYxXKYVAqLUtyCSbuyqE059d0kDthTNRzKVjL7QMgNpEUlsoYH3iQ==",
      "dev": true,
      "dependencies": {
        "parse-json": {
          "version": "4.0.0",
          "resolved": "https://registry.npmjs.org/parse-json/-/parse-json-4.0.0.tgz",
          "integrity": "sha1-vjX1Qlvh9/bHRxhPmKeIy5lHfuA=",
          "dev": true
        }
      }
    },
    "cross-spawn": {
      "version": "5.1.0",
      "resolved": "https://registry.npmjs.org/cross-spawn/-/cross-spawn-5.1.0.tgz",
      "integrity": "sha1-6L0O/uWPz/b4+UUQoKVUu/ojVEk=",
      "dev": true
    },
    "debug": {
      "version": "3.1.0",
      "resolved": "https://registry.npmjs.org/debug/-/debug-3.1.0.tgz",
      "integrity": "sha512-OX8XqP7/1a9cqkxYw2yXss15f26NKWBpDXQd0/uK/KPqdQhxbPa994hnzjcE2VqQpDslf55723cKPUOGSmMY3g==",
      "dev": true
    },
    "dedent": {
      "version": "0.7.0",
      "resolved": "https://registry.npmjs.org/dedent/-/dedent-0.7.0.tgz",
      "integrity": "sha1-JJXduvbrh0q7Dhvp3yLS5aVEMmw=",
      "dev": true
    },
    "eslint": {
      "version": "4.19.1",
      "resolved": "https://registry.npmjs.org/eslint/-/eslint-4.19.1.tgz",
      "integrity": "sha512-bT3/1x1EbZB7phzYu7vCr1v3ONuzDtX8WjuM9c0iYxe+cq+pwcKEoQjl7zd3RpC6YOLgnSy3cTN58M2jcoPDIQ==",
      "dev": true,
      "dependencies": {
        "inquirer": {
          "version": "3.3.0",
          "resolved": "https://registry.npmjs.org/inquirer/-/inquirer-3.3.0.tgz",
          "integrity": "sha512-h+xtnyk4EwKvFWHrUYsWErEVR+igKtLdchu+o0Z1RL7VU/jVMFbYir2bp6bAj8efFNxWqHX0dIss6fJQ+/+qeQ==",
          "dev": true
        }
      }
    },
    "find-parent-dir": {
      "version": "0.3.0",
      "resolved": "https://registry.npmjs.org/find-parent-dir/-/find-parent-dir-0.3.0.tgz",
      "integrity": "sha1-M8RLQpqysvBkYpnF+fcY83b/jVQ=",
      "dev": true
    },
    "get-stream": {
      "version": "3.0.0",
      "resolved": "https://registry.npmjs.org/get-stream/-/get-stream-3.0.0.tgz",
      "integrity": "sha1-jpQ9E1jcN1VQVOy+LtsFqhdO3hQ=",
      "dev": true
    },
    "husky": {
      "version": "0.14.3",
      "resolved": "https://registry.npmjs.org/husky/-/husky-0.14.3.tgz",
      "integrity": "sha512-e21wivqHpstpoiWA/Yi8eFti8E+sQDSS53cpJsPptPs295QTOQR0ZwnHo2TXy1XOpZFD9rPOd3NpmqTK6uMLJA==",
      "dev": true
    },
    "is-stream": {
      "version": "1.1.0",
      "resolved": "https://registry.npmjs.org/is-stream/-/is-stream-1.1.0.tgz",
      "integrity": "sha1-EtSj3U5o4Lec6428hBc66A2RykQ=",
      "dev": true
    },
    "is-windows": {
      "version": "1.0.2",
      "resolved": "https://registry.npmjs.org/is-windows/-/is-windows-1.0.2.tgz",
      "integrity": "sha512-eXK1UInq2bPmjyX6e3VHIzMLobc4J94i4AWn+Hpq3OU5KkrRC96OAcR3PRJ/pGu6m8TRnBHP9dkXQVsT/COVIA==",
      "dev": true
    },
    "jest": {
      "version": "22.4.3",
      "resolved": "https://registry.npmjs.org/jest/-/jest-22.4.3.tgz",
      "integrity": "sha512-FFCdU/pXOEASfHxFDOWUysI/+FFoqiXJADEIXgDKuZyqSmBD3tZ4BEGH7+M79v7czj7bbkhwtd2LaEDcJiM/GQ==",
      "dev": true,
      "dependencies": {
        "arr-diff": {
          "version": "2.0.0",
          "resolved": "https://registry.npmjs.org/arr-diff/-/arr-diff-2.0.0.tgz",
          "integrity": "sha1-jzuCf5Vai9ZpaX5KQlasPOrjVs8=",
          "dev": true
        },
        "array-unique": {
          "version": "0.2.1",
          "resolved": "https://registry.npmjs.org/array-unique/-/array-unique-0.2.1.tgz",
          "integrity": "sha1-odl8yvy8JiXMcPrc6zalDFiwGlM=",
          "dev": true
        },
        "braces": {
          "version": "1.8.5",
          "resolved": "https://registry.npmjs.org/braces/-/braces-1.8.5.tgz",
          "integrity": "sha1-uneWLhLf+WnWt2cR6RS3N4V79qc=",
          "dev": true
        },
        "expand-brackets": {
          "version": "0.1.5",
          "resolved": "https://registry.npmjs.org/expand-brackets/-/expand-brackets-0.1.5.tgz",
          "integrity": "sha1-3wcoTjQqgHzXM6xa9yQR5YHRF3s=",
          "dev": true
        },
        "extglob": {
          "version": "0.3.2",
          "resolved": "https://registry.npmjs.org/extglob/-/extglob-0.3.2.tgz",
          "integrity": "sha1-Lhj/PS9JqydlzskCPwEdqo2DSaE=",
          "dev": true
        },
        "jest-cli": {
          "version": "22.4.3",
          "resolved": "https://registry.npmjs.org/jest-cli/-/jest-cli-22.4.3.tgz",
          "integrity": "sha512-IiHybF0DJNqZPsbjn4Cy4vcqcmImpoFwNFnkehzVw8lTUSl4axZh5DHewu5bdpZF2Y5gUqFKYzH0FH4Qx2k+UA==",
          "dev": true
        },
        "kind-of": {
          "version": "3.2.2",
          "resolved": "https://registry.npmjs.org/kind-of/-/kind-of-3.2.2.tgz",
          "integrity": "sha1-MeohpzS6ubuw8yRm2JOupR5KPGQ=",
          "dev": true
        },
        "micromatch": {
          "version": "2.3.11",
          "resolved": "https://registry.npmjs.org/micromatch/-/micromatch-2.3.11.tgz",
          "integrity": "sha1-hmd8l9FyCzY0MdBNDRUpO9OMFWU=",
          "dev": true
        },
        "normalize-path": {
          "version": "2.1.1",
          "resolved": "https://registry.npmjs.org/normalize-path/-/normalize-path-2.1.1.tgz",
          "integrity": "sha1-GrKLVW4Zg2Oowab35vogE3/mrtk=",
          "dev": true
        }
      }
    },
    "jest-validate": {
      "version": "22.4.3",
      "resolved": "https://registry.npmjs.org/jest-validate/-/jest-validate-22.4.3.tgz",
      "integrity": "sha512-CfFM18W3GSP/xgmA4UouIx0ljdtfD2mjeBC6c89Gg17E44D4tQhAcTrZmf9djvipwU30kSTnk6CzcxdCCeSXfA==",
      "dev": true
    },
    "lint-staged": {
      "version": "7.1.0",
      "resolved": "https://registry.npmjs.org/lint-staged/-/lint-staged-7.1.0.tgz",
      "integrity": "sha512-0l+PRD21v2zBRcfEIxjFMo2DiQ94wykRXH/aEw3aTMYUmnpTRPS1rc3DryPWf+qtK1Pjd51pLigHGopxgDMK5A==",
      "dev": true,
      "requires": {
        "app-root-path": "^2.0.1",
        "chalk": "^2.3.1",
        "commander": "^2.14.1",
        "cosmiconfig": "^4.0.0",
        "debug": "^3.1.0",
        "dedent": "^0.7.0",
        "execa": "^0.9.0",
        "find-parent-dir": "^0.3.0",
        "is-glob": "^4.0.0",
        "is-windows": "^1.0.2",
        "jest-validate": "^22.4.0",
        "listr": "^0.13.0",
        "lodash": "^4.17.5",
        "log-symbols": "^2.2.0",
        "micromatch": "^3.1.8",
        "npm-which": "^3.0.1",
        "p-map": "^1.1.1",
        "path-is-inside": "^1.0.2",
        "pify": "^3.0.0",
        "please-upgrade-node": "^3.0.2",
        "staged-git-files": "1.1.1",
        "string-argv": "^0.0.2",
        "stringify-object": "^3.2.2"
      },
      "dependencies": {
        "execa": {
          "version": "0.9.0",
          "resolved": "https://registry.npmjs.org/execa/-/execa-0.9.0.tgz",
          "integrity": "sha512-BbUMBiX4hqiHZUA5+JujIjNb6TyAlp2D5KLheMjMluwOuzcnylDL4AxZYLLn1n2AGB49eSWwyKvvEQoRpnAtmA==",
          "dev": true,
          "requires": {
            "cross-spawn": "^5.0.1",
            "get-stream": "^3.0.0",
            "is-stream": "^1.1.0",
            "npm-run-path": "^2.0.0",
            "p-finally": "^1.0.0",
            "signal-exit": "^3.0.0",
            "strip-eof": "^1.0.0"
          }
        },
        "is-extglob": {
          "version": "2.1.1",
          "resolved": "https://registry.npmjs.org/is-extglob/-/is-extglob-2.1.1.tgz",
          "integrity": "sha1-qIwCU1eR8C7TfHahueqXc8gz+MI=",
          "dev": true
        },
        "is-glob": {
          "version": "4.0.0",
          "resolved": "https://registry.npmjs.org/is-glob/-/is-glob-4.0.0.tgz",
          "integrity": "sha1-lSHHaEXMJhCoUgPd8ICpWML/q8A=",
          "dev": true,
          "requires": {
            "is-extglob": "^2.1.1"
          }
        },
        "please-upgrade-node": {
          "version": "3.0.2",
          "resolved": "https://registry.npmjs.org/please-upgrade-node/-/please-upgrade-node-3.0.2.tgz",
          "integrity": "sha512-bslfSeW+ksUbB/sYZeEdKFyTG4YWU9YKRvqfSRvZKE675khAuBUPqV5RUwJZaGuWmVQLweK45Q+lPHFVnSlSug==",
          "dev": true,
          "requires": {
            "semver-compare": "^1.0.0"
          }
        }
      }
    },
    "listr": {
      "version": "0.13.0",
      "resolved": "https://registry.npmjs.org/listr/-/listr-0.13.0.tgz",
      "integrity": "sha1-ILsLowuuZg7oTMBQPfS+PVYjiH0=",
      "dev": true,
      "dependencies": {
        "ansi-regex": {
          "version": "2.1.1",
          "resolved": "https://registry.npmjs.org/ansi-regex/-/ansi-regex-2.1.1.tgz",
          "integrity": "sha1-w7M6te42DYbg5ijwRorn7yfWVN8=",
          "dev": true
        },
        "ansi-styles": {
          "version": "2.2.1",
          "resolved": "https://registry.npmjs.org/ansi-styles/-/ansi-styles-2.2.1.tgz",
          "integrity": "sha1-tDLdM1i2NM914eRmQ2gkBTPB3b4=",
          "dev": true
        },
        "chalk": {
          "version": "1.1.3",
          "resolved": "https://registry.npmjs.org/chalk/-/chalk-1.1.3.tgz",
          "integrity": "sha1-qBFcVeSnAv5NFQq9OHKCKn4J/Jg=",
          "dev": true
        },
        "figures": {
          "version": "1.7.0",
          "resolved": "https://registry.npmjs.org/figures/-/figures-1.7.0.tgz",
          "integrity": "sha1-y+Hjr/zxzUS4DK3+0o3Hk6lwHS4=",
          "dev": true
        },
        "log-symbols": {
          "version": "1.0.2",
          "resolved": "https://registry.npmjs.org/log-symbols/-/log-symbols-1.0.2.tgz",
          "integrity": "sha1-N2/3tY6jCGoPCfrMdGF+ylAeGhg=",
          "dev": true
        },
        "strip-ansi": {
          "version": "3.0.1",
          "resolved": "https://registry.npmjs.org/strip-ansi/-/strip-ansi-3.0.1.tgz",
          "integrity": "sha1-ajhfuIU9lS1f8F0Oiq+UJ43GPc8=",
          "dev": true
        },
        "supports-color": {
          "version": "2.0.0",
          "resolved": "https://registry.npmjs.org/supports-color/-/supports-color-2.0.0.tgz",
          "integrity": "sha1-U10EXOa2Nj+kARcIRimZXp3zJMc=",
          "dev": true
        }
      }
    },
    "lodash": {
      "version": "4.17.5",
      "resolved": "https://registry.npmjs.org/lodash/-/lodash-4.17.5.tgz",
      "integrity": "sha512-svL3uiZf1RwhH+cWrfZn3A4+U58wbP0tGVTLQPbjplZxZ8ROD9VLuNgsRniTlLe7OlSqR79RUehXgpBW/s0IQw==",
      "dev": true
    },
    "log-symbols": {
      "version": "2.2.0",
      "resolved": "https://registry.npmjs.org/log-symbols/-/log-symbols-2.2.0.tgz",
      "integrity": "sha512-VeIAFslyIerEJLXHziedo2basKbMKtTw3vfn5IzG0XTjhAVEJyNHnL2p7vc+wBDSdQuUpNw3M2u6xb9QsAY5Eg==",
      "dev": true
    },
    "micromatch": {
      "version": "3.1.10",
      "resolved": "https://registry.npmjs.org/micromatch/-/micromatch-3.1.10.tgz",
      "integrity": "sha512-MWikgl9n9M3w+bpsY3He8L+w9eF9338xRl8IAO5viDizwSzziFEyUzo2xrrloB64ADbTf8uA8vRqqttDTOmccg==",
      "dev": true
    },
    "npm-run-path": {
      "version": "2.0.2",
      "resolved": "https://registry.npmjs.org/npm-run-path/-/npm-run-path-2.0.2.tgz",
      "integrity": "sha1-NakjLfo11wZ7TLLd8jV7GHFTbF8=",
      "dev": true
    },
    "npm-which": {
      "version": "3.0.1",
      "resolved": "https://registry.npmjs.org/npm-which/-/npm-which-3.0.1.tgz",
      "integrity": "sha1-kiXybsOihcIJyuZ8OxGmtKtxQKo=",
      "dev": true
    },
    "p-finally": {
      "version": "1.0.0",
      "resolved": "https://registry.npmjs.org/p-finally/-/p-finally-1.0.0.tgz",
      "integrity": "sha1-P7z7FbiZpEEjs0ttzBi3JDNqLK4=",
      "dev": true
    },
    "p-map": {
      "version": "1.2.0",
      "resolved": "https://registry.npmjs.org/p-map/-/p-map-1.2.0.tgz",
      "integrity": "sha512-r6zKACMNhjPJMTl8KcFH4li//gkrXWfbD6feV8l6doRHlzljFWGJ2AP6iKaCJXyZmAUMOPtvbW7EXkbWO/pLEA==",
      "dev": true
    },
    "path-is-inside": {
      "version": "1.0.2",
      "resolved": "https://registry.npmjs.org/path-is-inside/-/path-is-inside-1.0.2.tgz",
      "integrity": "sha1-NlQX3t5EQw0cEa9hAn+s8HS9/FM=",
      "dev": true
    },
    "pify": {
      "version": "3.0.0",
      "resolved": "https://registry.npmjs.org/pify/-/pify-3.0.0.tgz",
      "integrity": "sha1-5aSs0sEB/fPZpNB/DbxNtJ3SgXY=",
      "dev": true
    },
    "prettier": {
      "version": "1.12.0",
      "resolved": "https://registry.npmjs.org/prettier/-/prettier-1.12.0.tgz",
      "integrity": "sha512-Wz0SMncgaglBzDcohH3ZIAi4nVpzOIEweFzCOmgVEoRSeO72b4dcKGfgxoRGVMaFlh1r7dlVaJ+f3CIHfeH6xg==",
      "dev": true
    },
    "semantic-release": {
      "version": "15.1.7",
      "resolved": "https://registry.npmjs.org/semantic-release/-/semantic-release-15.1.7.tgz",
      "integrity": "sha512-ovMwzP7dTL3r61xKJE6tY0PI+W/oPNyCzFdRkxk8ep4EVByOkRkycZ1A0XOEEEsqQKGAhNubt7fFwQG7G18yzg==",
      "dev": true,
      "dependencies": {
        "cross-spawn": {
          "version": "6.0.5",
          "resolved": "https://registry.npmjs.org/cross-spawn/-/cross-spawn-6.0.5.tgz",
          "integrity": "sha512-eTVLrBSt7fjbDygz805pMnstIs2VTBNkRm0qxZd+M7A5XDdxVRWO5MxGBXZhjY4cqLYLdtrGqRf8mBPmzwSpWQ==",
          "dev": true
        },
        "execa": {
          "version": "0.10.0",
          "resolved": "https://registry.npmjs.org/execa/-/execa-0.10.0.tgz",
          "integrity": "sha512-7XOMnz8Ynx1gGo/3hyV9loYNPWM94jG3+3T3Y8tsfSstFmETmENCMU/A/zj8Lyaj1lkgEepKepvd6240tBRvlw==",
          "dev": true
        },
        "load-json-file": {
          "version": "4.0.0",
          "resolved": "https://registry.npmjs.org/load-json-file/-/load-json-file-4.0.0.tgz",
          "integrity": "sha1-L19Fq5HjMhYjT9U62rZo607AmTs=",
          "dev": true
        },
        "parse-json": {
          "version": "4.0.0",
          "resolved": "https://registry.npmjs.org/parse-json/-/parse-json-4.0.0.tgz",
          "integrity": "sha1-vjX1Qlvh9/bHRxhPmKeIy5lHfuA=",
          "dev": true
        },
        "path-type": {
          "version": "3.0.0",
          "resolved": "https://registry.npmjs.org/path-type/-/path-type-3.0.0.tgz",
          "integrity": "sha512-T2ZUsdZFHgA3u4e5PfPbjd7HDDpxPnQb5jN0SrDsjNSuVXHJqtwTnWqG0B1jZrgmJ/7lj1EmVIByWt1gxGkWvg==",
          "dev": true
        },
        "read-pkg": {
          "version": "3.0.0",
          "resolved": "https://registry.npmjs.org/read-pkg/-/read-pkg-3.0.0.tgz",
          "integrity": "sha1-nLxoaXj+5l0WwA4rGcI3/Pbjg4k=",
          "dev": true
        },
        "read-pkg-up": {
          "version": "3.0.0",
          "resolved": "https://registry.npmjs.org/read-pkg-up/-/read-pkg-up-3.0.0.tgz",
          "integrity": "sha1-PtSWaF26D4/hGNBpHcUfSh/5bwc=",
          "dev": true
        },
        "resolve-from": {
          "version": "4.0.0",
          "resolved": "https://registry.npmjs.org/resolve-from/-/resolve-from-4.0.0.tgz",
          "integrity": "sha512-pb/MYmXstAkysRFx8piNI1tGFNQIFA3vkE3Gq4EuA1dF6gHp/+vgZqsCGJapvy8N3Q+4o7FwvquPJcnZ7RYy4g==",
          "dev": true
        },
        "strip-bom": {
          "version": "3.0.0",
          "resolved": "https://registry.npmjs.org/strip-bom/-/strip-bom-3.0.0.tgz",
          "integrity": "sha1-IzTBjpx1n3vdVv3vfprj1YjmjtM=",
          "dev": true
        },
        "yargs": {
          "version": "11.0.0",
          "resolved": "https://registry.npmjs.org/yargs/-/yargs-11.0.0.tgz",
          "integrity": "sha512-Rjp+lMYQOWtgqojx1dEWorjCofi1YN7AoFvYV7b1gx/7dAAeuI4kN5SZiEvr0ZmsZTOpDRcCqrpI10L31tFkBw==",
          "dev": true
        },
        "yargs-parser": {
          "version": "9.0.2",
          "resolved": "https://registry.npmjs.org/yargs-parser/-/yargs-parser-9.0.2.tgz",
          "integrity": "sha1-nM9qQ0YP5O1Aqbto9I1DuKaMwHc=",
          "dev": true
        }
      }
    },
    "semver-compare": {
      "version": "1.0.0",
      "resolved": "https://registry.npmjs.org/semver-compare/-/semver-compare-1.0.0.tgz",
      "integrity": "sha1-De4hahyUGrN+nvsXiPavxf9VN/w=",
      "dev": true
    },
    "signal-exit": {
      "version": "3.0.2",
      "resolved": "https://registry.npmjs.org/signal-exit/-/signal-exit-3.0.2.tgz",
      "integrity": "sha1-tf3AjxKH6hF4Yo5BXiUTK3NkbG0=",
      "dev": true
    },
    "staged-git-files": {
      "version": "1.1.1",
      "resolved": "https://registry.npmjs.org/staged-git-files/-/staged-git-files-1.1.1.tgz",
      "integrity": "sha512-H89UNKr1rQJvI1c/PIR3kiAMBV23yvR7LItZiV74HWZwzt7f3YHuujJ9nJZlt58WlFox7XQsOahexwk7nTe69A==",
      "dev": true
    },
    "string-argv": {
      "version": "0.0.2",
      "resolved": "https://registry.npmjs.org/string-argv/-/string-argv-0.0.2.tgz",
      "integrity": "sha1-2sMECGkMIfPDYwo/86BYd73L1zY=",
      "dev": true
    },
    "stringify-object": {
      "version": "3.2.2",
      "resolved": "https://registry.npmjs.org/stringify-object/-/stringify-object-3.2.2.tgz",
      "integrity": "sha512-O696NF21oLiDy8PhpWu8AEqoZHw++QW6mUv0UvKZe8gWSdSvMXkiLufK7OmnP27Dro4GU5kb9U7JIO0mBuCRQg==",
      "dev": true
    },
    "strip-eof": {
      "version": "1.0.0",
      "resolved": "https://registry.npmjs.org/strip-eof/-/strip-eof-1.0.0.tgz",
      "integrity": "sha1-u0P/VZim6wXYm1n80SnJgzE2Br8=",
      "dev": true
    },
    "travis-deploy-once": {
      "version": "4.4.1",
      "resolved": "https://registry.npmjs.org/travis-deploy-once/-/travis-deploy-once-4.4.1.tgz",
      "integrity": "sha512-dg7hjiGkgg3BJSYqSOX8H/m2lPH5ZioXM5rkYgD5g3hlolR4vZ7V1Hvk+dBRuNP2RYk1iSIRfJt+tzL8uRNvFw==",
      "dev": true,
      "dependencies": {
        "cross-spawn": {
          "version": "6.0.5",
          "resolved": "https://registry.npmjs.org/cross-spawn/-/cross-spawn-6.0.5.tgz",
          "integrity": "sha512-eTVLrBSt7fjbDygz805pMnstIs2VTBNkRm0qxZd+M7A5XDdxVRWO5MxGBXZhjY4cqLYLdtrGqRf8mBPmzwSpWQ==",
          "dev": true
        },
        "execa": {
          "version": "0.10.0",
          "resolved": "https://registry.npmjs.org/execa/-/execa-0.10.0.tgz",
          "integrity": "sha512-7XOMnz8Ynx1gGo/3hyV9loYNPWM94jG3+3T3Y8tsfSstFmETmENCMU/A/zj8Lyaj1lkgEepKepvd6240tBRvlw==",
          "dev": true
        },
        "yargs": {
          "version": "11.0.0",
          "resolved": "https://registry.npmjs.org/yargs/-/yargs-11.0.0.tgz",
          "integrity": "sha512-Rjp+lMYQOWtgqojx1dEWorjCofi1YN7AoFvYV7b1gx/7dAAeuI4kN5SZiEvr0ZmsZTOpDRcCqrpI10L31tFkBw==",
          "dev": true
        },
        "yargs-parser": {
          "version": "9.0.2",
          "resolved": "https://registry.npmjs.org/yargs-parser/-/yargs-parser-9.0.2.tgz",
          "integrity": "sha1-nM9qQ0YP5O1Aqbto9I1DuKaMwHc=",
          "dev": true
        }
      }
    },
    "ts-jest": {
      "version": "22.4.2",
      "resolved": "https://registry.npmjs.org/ts-jest/-/ts-jest-22.4.2.tgz",
      "integrity": "sha512-H2YEVxwk0Thp7n3RGUMPIEUTwnnE1m48rcYUBvI3DEoDTBf9Puz2w4oKg1y+rPJUdX2ti6/3ku0owOhJc8gBTg==",
      "dev": true,
      "dependencies": {
        "fs-extra": {
          "version": "4.0.3",
          "resolved": "https://registry.npmjs.org/fs-extra/-/fs-extra-4.0.3.tgz",
          "integrity": "sha512-q6rbdDd1o2mAnQreO7YADIxf/Whx4AHBiRf6d+/cVT8h44ss+lHgxf1FemcqDnQt9X3ct4McHr+JMGlYSsK7Cg==",
          "dev": true
        },
        "yargs": {
          "version": "11.0.0",
          "resolved": "https://registry.npmjs.org/yargs/-/yargs-11.0.0.tgz",
          "integrity": "sha512-Rjp+lMYQOWtgqojx1dEWorjCofi1YN7AoFvYV7b1gx/7dAAeuI4kN5SZiEvr0ZmsZTOpDRcCqrpI10L31tFkBw==",
          "dev": true
        },
        "yargs-parser": {
          "version": "9.0.2",
          "resolved": "https://registry.npmjs.org/yargs-parser/-/yargs-parser-9.0.2.tgz",
          "integrity": "sha1-nM9qQ0YP5O1Aqbto9I1DuKaMwHc=",
          "dev": true
        }
      }
    },
    "tslint": {
      "version": "5.9.1",
      "resolved": "https://registry.npmjs.org/tslint/-/tslint-5.9.1.tgz",
      "integrity": "sha1-ElX4ej/1frCw4fDmEKi0dIBGya4=",
      "dev": true,
      "dependencies": {
        "resolve": {
          "version": "1.7.1",
          "resolved": "https://registry.npmjs.org/resolve/-/resolve-1.7.1.tgz",
          "integrity": "sha512-c7rwLofp8g1U+h1KNyHL/jicrKg1Ek4q+Lr33AL65uZTinUZHe30D5HlyN5V9NW0JX1D5dXQ4jqW5l7Sy/kGfw==",
          "dev": true
        }
      }
    },
    "typescript": {
      "version": "2.8.1",
      "resolved": "https://registry.npmjs.org/typescript/-/typescript-2.8.1.tgz",
      "integrity": "sha512-Ao/f6d/4EPLq0YwzsQz8iXflezpTkQzqAyenTiw4kCUGr1uPiFLC3+fZ+gMZz6eeI/qdRUqvC+HxIJzUAzEFdg==",
      "dev": true
    }
  }
}
